
Microsoft Visual Studio Solution File, Format Version 12.00
# Visual Studio Version 16
VisualStudioVersion = 16.0.30907.101
MinimumVisualStudioVersion = 10.0.40219.1
Project("{FAE04EC0-301F-11D3-BF4B-00C04F79EFBC}") = "RazorPgaesUI", "RazorPgaesUI\RazorPgaesUI.csproj", "{5FEBDCDB-2CF2-449B-B66F-C3AD8C946079}"
EndProject
Global
	GlobalSection(SolutionConfigurationPlatforms) = preSolution
		Debug|Any CPU = Debug|Any CPU
		Release|Any CPU = Release|Any CPU
	EndGlobalSection
	GlobalSection(ProjectConfigurationPlatforms) = postSolution
		{5FEBDCDB-2CF2-449B-B66F-C3AD8C946079}.Debug|Any CPU.ActiveCfg = Debug|Any CPU
		{5FEBDCDB-2CF2-449B-B66F-C3AD8C946079}.Debug|Any CPU.Build.0 = Debug|Any CPU
		{5FEBDCDB-2CF2-449B-B66F-C3AD8C946079}.Release|Any CPU.ActiveCfg = Release|Any CPU
		{5FEBDCDB-2CF2-449B-B66F-C3AD8C946079}.Release|Any CPU.Build.0 = Release|Any CPU
	EndGlobalSection
	GlobalSection(SolutionProperties) = preSolution
		HideSolutionNode = FALSE
	EndGlobalSection
	GlobalSection(ExtensibilityGlobals) = postSolution
		SolutionGuid = {45559CA9-7C17-49AF-99C4-1EB62A604B40}
	EndGlobalSection
EndGlobal
